{
    "_meta": {
        "hash": {
            "sha256": "ee8a12de9aead403f68b613c6f28993b654ecb767c8941bbba2abe10e7b5c017"
        },
        "pipfile-spec": 6,
        "requires": {
            "python_full_version": "3.12.2",
            "python_version": "3.12"
        },
        "sources": [
            {
                "name": "pypi",
                "url": "https://pypi.org/simple",
                "verify_ssl": true
            }
        ]
    },
    "default": {
        "annotated-types": {
            "hashes": [
                "sha256:0641064de18ba7a25dee8f96403ebc39113d0cb953a01429249d5c7564666a43",
                "sha256:563339e807e53ffd9c267e99fc6d9ea23eb8443c08f112651963e24e22f84a5d"
            ],
            "markers": "python_version >= '3.8'",
            "version": "==0.6.0"
        },
        "anyio": {
            "hashes": [
                "sha256:048e05d0f6caeed70d731f3db756d35dcc1f35747c8c403364a8332c630441b8",
                "sha256:f75253795a87df48568485fd18cdd2a3fa5c4f7c5be8e5e36637733fce06fed6"
            ],
            "markers": "python_version >= '3.8'",
            "version": "==4.3.0"
        },
        "certifi": {
            "hashes": [
                "sha256:0569859f95fc761b18b45ef421b1290a0f65f147e92a1e5eb3e635f9a5e4e66f",
                "sha256:dc383c07b76109f368f6106eee2b593b04a011ea4d55f652c6ca24a754d1cdd1"
            ],
            "markers": "python_version >= '3.6'",
            "version": "==2024.2.2"
        },
        "distro": {
            "hashes": [
                "sha256:2fa77c6fd8940f116ee1d6b94a2f90b13b5ea8d019b98bc8bafdcabcdd9bdbed",
                "sha256:7bffd925d65168f85027d8da9af6bddab658135b840670a223589bc0c8ef02b2"
            ],
            "markers": "python_version >= '3.6'",
            "version": "==1.9.0"
        },
        "h11": {
            "hashes": [
                "sha256:8f19fbbe99e72420ff35c00b27a34cb9937e902a8b810e2c88300c6f0a3b699d",
                "sha256:e3fe4ac4b851c468cc8363d500db52c2ead036020723024a109d37346efaa761"
            ],
            "markers": "python_version >= '3.7'",
            "version": "==0.14.0"
        },
        "httpcore": {
            "hashes": [
                "sha256:34a38e2f9291467ee3b44e89dd52615370e152954ba21721378a87b2960f7a61",
                "sha256:421f18bac248b25d310f3cacd198d55b8e6125c107797b609ff9b7a6ba7991b5"
            ],
            "markers": "python_version >= '3.8'",
            "version": "==1.0.5"
        },
        "httpx": {
            "hashes": [
                "sha256:71d5465162c13681bff01ad59b2cc68dd838ea1f10e51574bac27103f00c91a5",
                "sha256:a0cb88a46f32dc874e04ee956e4c2764aba2aa228f650b06788ba6bda2962ab5"
            ],
            "markers": "python_version >= '3.8'",
            "version": "==0.27.0"
        },
        "idna": {
            "hashes": [
                "sha256:028ff3aadf0609c1fd278d8ea3089299412a7a8b9bd005dd08b9f8285bcb5cfc",
                "sha256:82fee1fc78add43492d3a1898bfa6d8a904cc97d8427f683ed8e798d07761aa0"
            ],
            "markers": "python_version >= '3.5'",
            "version": "==3.7"
        },
        "markdown": {
            "hashes": [
                "sha256:48f276f4d8cfb8ce6527c8f79e2ee29708508bf4d40aa410fbc3b4ee832c850f",
                "sha256:ed4f41f6daecbeeb96e576ce414c41d2d876daa9a16cb35fa8ed8c2ddfad0224"
            ],
            "index": "pypi",
            "markers": "python_version >= '3.8'",
            "version": "==3.6"
        },
        "openai": {
            "hashes": [
                "sha256:72464cdb0602a57af87acb4888b1a48a1c02182cc9f09d2f2f3200b185223d5f",
                "sha256:72e6758cec080a3e5a9daf843178c975fed656fe0831919f4dd89bb62431724f"
            ],
            "index": "pypi",
            "markers": "python_full_version >= '3.7.1'",
            "version": "==1.17.0"
        },
        "pydantic": {
            "hashes": [
                "sha256:9dee74a271705f14f9a1567671d144a851c675b072736f0a7b2608fd9e495352",
                "sha256:b5ecdd42262ca2462e2624793551e80911a1e989f462910bb81aef974b4bb383"
            ],
            "markers": "python_version >= '3.8'",
            "version": "==2.7.0"
        },
        "pydantic-core": {
            "hashes": [
                "sha256:030e4f9516f9947f38179249778709a460a3adb516bf39b5eb9066fcfe43d0e6",
                "sha256:09f03dfc0ef8c22622eaa8608caa4a1e189cfb83ce847045eca34f690895eccb",
                "sha256:12a05db5013ec0ca4a32cc6433f53faa2a014ec364031408540ba858c2172bb0",
                "sha256:14fe73881cf8e4cbdaded8ca0aa671635b597e42447fec7060d0868b52d074e6",
                "sha256:1a0c3e718f4e064efde68092d9d974e39572c14e56726ecfaeebbe6544521f47",
                "sha256:1be91ad664fc9245404a789d60cba1e91c26b1454ba136d2a1bf0c2ac0c0505a",
                "sha256:201713f2f462e5c015b343e86e68bd8a530a4f76609b33d8f0ec65d2b921712a",
                "sha256:2027493cc44c23b598cfaf200936110433d9caa84e2c6cf487a83999638a96ac",
                "sha256:250ae39445cb5475e483a36b1061af1bc233de3e9ad0f4f76a71b66231b07f88",
                "sha256:2533ad2883f001efa72f3d0e733fb846710c3af6dcdd544fe5bf14fa5fe2d7db",
                "sha256:25595ac311f20e5324d1941909b0d12933f1fd2171075fcff763e90f43e92a0d",
                "sha256:2684a94fdfd1b146ff10689c6e4e815f6a01141781c493b97342cdc5b06f4d5d",
                "sha256:27f1009dc292f3b7ca77feb3571c537276b9aad5dd4efb471ac88a8bd09024e9",
                "sha256:2adaeea59849ec0939af5c5d476935f2bab4b7f0335b0110f0f069a41024278e",
                "sha256:2ae80f72bb7a3e397ab37b53a2b49c62cc5496412e71bc4f1277620a7ce3f52b",
                "sha256:2d5728e93d28a3c63ee513d9ffbac9c5989de8c76e049dbcb5bfe4b923a9739d",
                "sha256:2e91711e36e229978d92642bfc3546333a9127ecebb3f2761372e096395fc649",
                "sha256:2fe0c1ce5b129455e43f941f7a46f61f3d3861e571f2905d55cdbb8b5c6f5e2c",
                "sha256:38a5024de321d672a132b1834a66eeb7931959c59964b777e8f32dbe9523f6b1",
                "sha256:3e352f0191d99fe617371096845070dee295444979efb8f27ad941227de6ad09",
                "sha256:48dd883db92e92519201f2b01cafa881e5f7125666141a49ffba8b9facc072b0",
                "sha256:54764c083bbe0264f0f746cefcded6cb08fbbaaf1ad1d78fb8a4c30cff999a90",
                "sha256:54c7375c62190a7845091f521add19b0f026bcf6ae674bdb89f296972272e86d",
                "sha256:561cf62c8a3498406495cfc49eee086ed2bb186d08bcc65812b75fda42c38294",
                "sha256:56823a92075780582d1ffd4489a2e61d56fd3ebb4b40b713d63f96dd92d28144",
                "sha256:582cf2cead97c9e382a7f4d3b744cf0ef1a6e815e44d3aa81af3ad98762f5a9b",
                "sha256:58aca931bef83217fca7a390e0486ae327c4af9c3e941adb75f8772f8eeb03a1",
                "sha256:5f7973c381283783cd1043a8c8f61ea5ce7a3a58b0369f0ee0ee975eaf2f2a1b",
                "sha256:6395a4435fa26519fd96fdccb77e9d00ddae9dd6c742309bd0b5610609ad7fb2",
                "sha256:63d7523cd95d2fde0d28dc42968ac731b5bb1e516cc56b93a50ab293f4daeaad",
                "sha256:641a018af4fe48be57a2b3d7a1f0f5dbca07c1d00951d3d7463f0ac9dac66622",
                "sha256:667880321e916a8920ef49f5d50e7983792cf59f3b6079f3c9dac2b88a311d17",
                "sha256:684d840d2c9ec5de9cb397fcb3f36d5ebb6fa0d94734f9886032dd796c1ead06",
                "sha256:68717c38a68e37af87c4da20e08f3e27d7e4212e99e96c3d875fbf3f4812abfc",
                "sha256:6b7bbb97d82659ac8b37450c60ff2e9f97e4eb0f8a8a3645a5568b9334b08b50",
                "sha256:72722ce529a76a4637a60be18bd789d8fb871e84472490ed7ddff62d5fed620d",
                "sha256:73c1bc8a86a5c9e8721a088df234265317692d0b5cd9e86e975ce3bc3db62a59",
                "sha256:76909849d1a6bffa5a07742294f3fa1d357dc917cb1fe7b470afbc3a7579d539",
                "sha256:76b86e24039c35280ceee6dce7e62945eb93a5175d43689ba98360ab31eebc4a",
                "sha256:7a5d83efc109ceddb99abd2c1316298ced2adb4570410defe766851a804fcd5b",
                "sha256:80e0e57cc704a52fb1b48f16d5b2c8818da087dbee6f98d9bf19546930dc64b5",
                "sha256:85233abb44bc18d16e72dc05bf13848a36f363f83757541f1a97db2f8d58cfd9",
                "sha256:907a4d7720abfcb1c81619863efd47c8a85d26a257a2dbebdb87c3b847df0278",
                "sha256:9376d83d686ec62e8b19c0ac3bf8d28d8a5981d0df290196fb6ef24d8a26f0d6",
                "sha256:94b9769ba435b598b547c762184bcfc4783d0d4c7771b04a3b45775c3589ca44",
                "sha256:9a29726f91c6cb390b3c2338f0df5cd3e216ad7a938762d11c994bb37552edb0",
                "sha256:9b6431559676a1079eac0f52d6d0721fb8e3c5ba43c37bc537c8c83724031feb",
                "sha256:9ece8a49696669d483d206b4474c367852c44815fca23ac4e48b72b339807f80",
                "sha256:a139fe9f298dc097349fb4f28c8b81cc7a202dbfba66af0e14be5cfca4ef7ce5",
                "sha256:a32204489259786a923e02990249c65b0f17235073149d0033efcebe80095570",
                "sha256:a3982b0a32d0a88b3907e4b0dc36809fda477f0757c59a505d4e9b455f384b8b",
                "sha256:aad17e462f42ddbef5984d70c40bfc4146c322a2da79715932cd8976317054de",
                "sha256:b560b72ed4816aee52783c66854d96157fd8175631f01ef58e894cc57c84f0f6",
                "sha256:b6b0e4912030c6f28bcb72b9ebe4989d6dc2eebcd2a9cdc35fefc38052dd4fe8",
                "sha256:baf1c7b78cddb5af00971ad5294a4583188bda1495b13760d9f03c9483bb6203",
                "sha256:c0295d52b012cbe0d3059b1dba99159c3be55e632aae1999ab74ae2bd86a33d7",
                "sha256:c562b49c96906b4029b5685075fe1ebd3b5cc2601dfa0b9e16c2c09d6cbce048",
                "sha256:c69567ddbac186e8c0aadc1f324a60a564cfe25e43ef2ce81bcc4b8c3abffbae",
                "sha256:ca71d501629d1fa50ea7fa3b08ba884fe10cefc559f5c6c8dfe9036c16e8ae89",
                "sha256:ca976884ce34070799e4dfc6fbd68cb1d181db1eefe4a3a94798ddfb34b8867f",
                "sha256:d0491006a6ad20507aec2be72e7831a42efc93193d2402018007ff827dc62926",
                "sha256:d074b07a10c391fc5bbdcb37b2f16f20fcd9e51e10d01652ab298c0d07908ee2",
                "sha256:d2ce426ee691319d4767748c8e0895cfc56593d725594e415f274059bcf3cb76",
                "sha256:d4284c621f06a72ce2cb55f74ea3150113d926a6eb78ab38340c08f770eb9b4d",
                "sha256:d5e6b7155b8197b329dc787356cfd2684c9d6a6b1a197f6bbf45f5555a98d411",
                "sha256:d816f44a51ba5175394bc6c7879ca0bd2be560b2c9e9f3411ef3a4cbe644c2e9",
                "sha256:dd3f79e17b56741b5177bcc36307750d50ea0698df6aa82f69c7db32d968c1c2",
                "sha256:dd63cec4e26e790b70544ae5cc48d11b515b09e05fdd5eff12e3195f54b8a586",
                "sha256:de9d3e8717560eb05e28739d1b35e4eac2e458553a52a301e51352a7ffc86a35",
                "sha256:df4249b579e75094f7e9bb4bd28231acf55e308bf686b952f43100a5a0be394c",
                "sha256:e178e5b66a06ec5bf51668ec0d4ac8cfb2bdcb553b2c207d58148340efd00143",
                "sha256:e60defc3c15defb70bb38dd605ff7e0fae5f6c9c7cbfe0ad7868582cb7e844a6",
                "sha256:ee2794111c188548a4547eccc73a6a8527fe2af6cf25e1a4ebda2fd01cdd2e60",
                "sha256:ee7ccc7fb7e921d767f853b47814c3048c7de536663e82fbc37f5eb0d532224b",
                "sha256:ee9cf33e7fe14243f5ca6977658eb7d1042caaa66847daacbd2117adb258b226",
                "sha256:f0f17814c505f07806e22b28856c59ac80cee7dd0fbb152aed273e116378f519",
                "sha256:f3202a429fe825b699c57892d4371c74cc3456d8d71b7f35d6028c96dfecad31",
                "sha256:f7054fdc556f5421f01e39cbb767d5ec5c1139ea98c3e5b350e02e62201740c7",
                "sha256:fd1a9edb9dd9d79fbeac1ea1f9a8dd527a6113b18d2e9bcc0d541d308dae639b"
            ],
            "markers": "python_version >= '3.8'",
            "version": "==2.18.1"
        },
        "python-dotenv": {
            "hashes": [
                "sha256:e324ee90a023d808f1959c46bcbc04446a10ced277783dc6ee09987c37ec10ca",
                "sha256:f7b63ef50f1b690dddf550d03497b66d609393b40b564ed0d674909a68ebf16a"
            ],
            "index": "pypi",
            "markers": "python_version >= '3.8'",
            "version": "==1.0.1"
        },
        "sniffio": {
            "hashes": [
                "sha256:2f6da418d1f1e0fddd844478f41680e794e6051915791a034ff65e5f100525a2",
                "sha256:f4324edc670a0f49750a81b895f35c3adb843cca46f0530f79fc1babb23789dc"
            ],
            "markers": "python_version >= '3.7'",
            "version": "==1.3.1"
        },
        "tqdm": {
            "hashes": [
                "sha256:1ee4f8a893eb9bef51c6e35730cebf234d5d0b6bd112b0271e10ed7c24a02bd9",
                "sha256:6cd52cdf0fef0e0f543299cfc96fec90d7b8a7e88745f411ec33eb44d5ed3531"
            ],
            "markers": "python_version >= '3.7'",
            "version": "==4.66.2"
        },
        "typing-extensions": {
            "hashes": [
                "sha256:83f085bd5ca59c80295fc2a82ab5dac679cbe02b9f33f7d83af68e241bea51b0",
                "sha256:c1f94d72897edaf4ce775bb7558d5b79d8126906a14ea5ed1635921406c0387a"
            ],
            "markers": "python_version >= '3.8'",
            "version": "==4.11.0"
        }
    },
    "develop": {}
}
